
Microsoft Visual Studio Solution File, Format Version 12.00
# Visual Studio Version 16
VisualStudioVersion = 16.0.32901.82
MinimumVisualStudioVersion = 10.0.40219.1
Project("{FAE04EC0-301F-11D3-BF4B-00C04F79EFBC}") = "Task1", "Task1\Task1.csproj", "{D90D1666-30BA-4F9F-9ED1-9F157D2AE37B}"
EndProject
Project("{FAE04EC0-301F-11D3-BF4B-00C04F79EFBC}") = "Task2", "Task2\Task2.csproj", "{C66ACF84-37A8-40E1-A0D7-A592E711600C}"
EndProject
Global
	GlobalSection(SolutionConfigurationPlatforms) = preSolution
		Debug|Any CPU = Debug|Any CPU
		Release|Any CPU = Release|Any CPU
	EndGlobalSection
	GlobalSection(ProjectConfigurationPlatforms) = postSolution
		{D90D1666-30BA-4F9F-9ED1-9F157D2AE37B}.Debug|Any CPU.ActiveCfg = Debug|Any CPU
		{D90D1666-30BA-4F9F-9ED1-9F157D2AE37B}.Debug|Any CPU.Build.0 = Debug|Any CPU
		{D90D1666-30BA-4F9F-9ED1-9F157D2AE37B}.Release|Any CPU.ActiveCfg = Release|Any CPU
		{D90D1666-30BA-4F9F-9ED1-9F157D2AE37B}.Release|Any CPU.Build.0 = Release|Any CPU
		{C66ACF84-37A8-40E1-A0D7-A592E711600C}.Debug|Any CPU.ActiveCfg = Debug|Any CPU
		{C66ACF84-37A8-40E1-A0D7-A592E711600C}.Debug|Any CPU.Build.0 = Debug|Any CPU
		{C66ACF84-37A8-40E1-A0D7-A592E711600C}.Release|Any CPU.ActiveCfg = Release|Any CPU
		{C66ACF84-37A8-40E1-A0D7-A592E711600C}.Release|Any CPU.Build.0 = Release|Any CPU
	EndGlobalSection
	GlobalSection(SolutionProperties) = preSolution
		HideSolutionNode = FALSE
	EndGlobalSection
	GlobalSection(ExtensibilityGlobals) = postSolution
		SolutionGuid = {23A0CE9B-334C-4A62-A2E3-EEA2ACA3D85A}
	EndGlobalSection
EndGlobal
